{"SurveyEntry":{"SurveyID":"SV_3XbtsHHxpF1Fp7o","SurveyName":"Squared Tasks","SurveyDescription":null,"SurveyOwnerID":"UR_3HITASymOH6An30","SurveyBrandID":"ucdavis","DivisionID":"DV_bCz0vLDEYcivdHv","SurveyLanguage":"EN","SurveyActiveResponseSet":"RS_e5lIew9ccHPKu7c","SurveyStatus":"Active","SurveyStartDate":"0000-00-00 00:00:00","SurveyExpirationDate":"0000-00-00 00:00:00","SurveyCreationDate":"2026-03-23 15:59:42","CreatorID":"UR_3HITASymOH6An30","LastModified":"2026-03-24 03:55:00","LastAccessed":"0000-00-00 00:00:00","LastActivated":"2026-03-23 18:13:33","Deleted":null},"SurveyElements":[{"SurveyID":"SV_3XbtsHHxpF1Fp7o","Element":"BL","PrimaryAttribute":"Survey Blocks","SecondaryAttribute":null,"TertiaryAttribute":null,"Payload":[{"Type":"Default","Description":"Default Question Block","ID":"BL_5nZLVeE20tpIQOq","BlockElements":[{"Type":"Question","QuestionID":"QID1"}]},{"Type":"Trash","Description":"Trash / Unused Questions","ID":"BL_bBdtyoJYOfTiUSy"},{"Type":"Standard","SubType":"","Description":"Task","ID":"BL_3jW6jmciSk8BPa6","BlockElements":[{"Type":"Question","QuestionID":"QID2"}]}]},{"SurveyID":"SV_3XbtsHHxpF1Fp7o","Element":"FL","PrimaryAttribute":"Survey Flow","SecondaryAttribute":null,"TertiaryAttribute":null,"Payload":{"Type":"Root","FlowID":"FL_1","Flow":[{"Type":"EmbeddedData","FlowID":"FL_3","EmbeddedData":[{"Description":"squared_participant_id","Type":"Recipient","Field":"squared_participant_id","VariableType":"String","DataVisibility":[],"AnalyzeText":false},{"Description":"squared_trial_count","Type":"Recipient","Field":"squared_trial_count","VariableType":"String","DataVisibility":[],"AnalyzeText":false},{"Description":"squared_stroop_score","Type":"Recipient","Field":"squared_stroop_score","VariableType":"String","DataVisibility":[],"AnalyzeText":false},{"Description":"squared_flanker_score","Type":"Recipient","Field":"squared_flanker_score","VariableType":"String","DataVisibility":[],"AnalyzeText":false},{"Description":"squared_simon_score","Type":"Recipient","Field":"squared_simon_score","VariableType":"String","DataVisibility":[],"AnalyzeText":false},{"Description":"squared_stroop_meanrt","Type":"Recipient","Field":"squared_stroop_meanrt","VariableType":"String","DataVisibility":[],"AnalyzeText":false},{"Description":"squared_flanker_meanrt","Type":"Recipient","Field":"squared_flanker_meanrt","VariableType":"String","DataVisibility":[],"AnalyzeText":false},{"Description":"squared_simon_meanrt","Type":"Recipient","Field":"squared_simon_meanrt","VariableType":"String","DataVisibility":[],"AnalyzeText":false},{"Description":"squared_summary_json","Type":"Recipient","Field":"squared_summary_json","VariableType":"String","DataVisibility":[],"AnalyzeText":false},{"Description":"squared_practice_stroop_json","Type":"Recipient","Field":"squared_practice_stroop_json","VariableType":"String","DataVisibility":[],"AnalyzeText":false},{"Description":"squared_stroop_json","Type":"Recipient","Field":"squared_stroop_json","VariableType":"String","DataVisibility":[],"AnalyzeText":false},{"Description":"squared_practice_flanker_json","Type":"Recipient","Field":"squared_practice_flanker_json","VariableType":"String","DataVisibility":[],"AnalyzeText":false},{"Description":"squared_flanker_json","Type":"Recipient","Field":"squared_flanker_json","VariableType":"String","DataVisibility":[],"AnalyzeText":false},{"Description":"squared_practice_simon_json","Type":"Recipient","Field":"squared_practice_simon_json","VariableType":"String","DataVisibility":[],"AnalyzeText":false},{"Description":"squared_simon_json","Type":"Recipient","Field":"squared_simon_json","VariableType":"String","DataVisibility":[],"AnalyzeText":false}]},{"Type":"Block","ID":"BL_5nZLVeE20tpIQOq","FlowID":"FL_2","Autofill":[]},{"ID":"BL_3jW6jmciSk8BPa6","Type":"Standard","FlowID":"FL_4"}],"Properties":{"Count":4}}},{"SurveyID":"SV_3XbtsHHxpF1Fp7o","Element":"PL","PrimaryAttribute":"Preview Link","SecondaryAttribute":null,"TertiaryAttribute":null,"Payload":{"PreviewType":"Brand","PreviewID":"9169a336-ed6a-49ec-8a31-d56832858dcf"}},{"SurveyID":"SV_3XbtsHHxpF1Fp7o","Element":"PROJ","PrimaryAttribute":"CORE","SecondaryAttribute":null,"TertiaryAttribute":"1.1.0","Payload":{"ProjectCategory":"CORE","SchemaVersion":"1.1.0"}},{"SurveyID":"SV_3XbtsHHxpF1Fp7o","Element":"QC","PrimaryAttribute":"Survey Question Count","SecondaryAttribute":"2","TertiaryAttribute":null,"Payload":null},{"SurveyID":"SV_3XbtsHHxpF1Fp7o","Element":"RS","PrimaryAttribute":"RS_e5lIew9ccHPKu7c","SecondaryAttribute":"Default Response Set","TertiaryAttribute":null,"Payload":null},{"SurveyID":"SV_3XbtsHHxpF1Fp7o","Element":"SCO","PrimaryAttribute":"Scoring","SecondaryAttribute":null,"TertiaryAttribute":null,"Payload":{"ScoringCategories":[],"ScoringCategoryGroups":[],"ScoringSummaryCategory":null,"ScoringSummaryAfterQuestions":0,"ScoringSummaryAfterSurvey":0,"DefaultScoringCategory":null,"AutoScoringCategory":null}},{"SurveyID":"SV_3XbtsHHxpF1Fp7o","Element":"SO","PrimaryAttribute":"Survey Options","SecondaryAttribute":null,"TertiaryAttribute":null,"Payload":{"BackButton":"false","SaveAndContinue":"true","SurveyProtection":"PublicSurvey","BallotBoxStuffingPrevention":"false","NoIndex":"Yes","SecureResponseFiles":"true","SurveyExpiration":"None","SurveyTermination":"DefaultMessage","Header":"","Footer":"","ProgressBarDisplay":"None","PartialData":"+1 week","ValidationMessage":null,"PreviousButton":"","NextButton":"","SurveyTitle":"Qualtrics Survey | Qualtrics Experience Management","SkinLibrary":"ucdavis","SkinType":"templated","Skin":{"brandingId":"2562654732","templateId":"*base","overrides":null},"NewScoring":1,"SurveyMetaDescription":"The most powerful, simple and trusted way to gather experience data. Start your journey to experience management and try a free account today.","EOSMessage":null,"ShowExportTags":"false","CollectGeoLocation":"false","PasswordProtection":"No","AnonymizeResponse":"No","RefererCheck":"No","BallotBoxStuffingPreventionBehavior":null,"BallotBoxStuffingPreventionMessage":null,"BallotBoxStuffingPreventionMessageLibrary":null,"BallotBoxStuffingPreventionURL":null,"RecaptchaV3":"false","ConfirmStart":false,"AutoConfirmStart":false,"RelevantID":"false","RelevantIDLockoutPeriod":"+30 days","UseCustomSurveyLinkCompletedMessage":null,"SurveyLinkCompletedMessage":null,"SurveyLinkCompletedMessageLibrary":null,"ResponseSummary":"No","EOSMessageLibrary":null,"EOSRedirectURL":null,"EmailThankYou":"false","ThankYouEmailMessageLibrary":null,"ThankYouEmailMessage":null,"ValidateMessage":"false","ValidationMessageLibrary":null,"InactiveSurvey":"DefaultMessage","PartialDeletion":null,"PartialDataCloseAfter":"LastActivity","InactiveMessageLibrary":null,"InactiveMessage":null,"AvailableLanguages":{"EN":[]},"ProtectSelectionIds":true}},{"SurveyID":"SV_3XbtsHHxpF1Fp7o","Element":"SQ","PrimaryAttribute":"QID1","SecondaryAttribute":"Welcome In the next section, you will complete the Colors and Arrows Tasks.","TertiaryAttribute":null,"Payload":{"QuestionText":"<div style=\"max-width: 760px; margin: 0 auto; line-height: 1.7; color: #1d2433;\">\n  <h1 style=\"margin-bottom: 0.75rem;\">Welcome</h1>\n  <p>\n    In the next section, you will complete the Colors and Arrows Tasks.\n  </p>\n  <p>\n    When you are ready, click <strong>Next</strong> to begin.\n  </p>\n</div>","DefaultChoices":false,"DataExportTag":"Welcome","QuestionID":"QID1","QuestionType":"DB","Selector":"TB","DataVisibility":{"Private":false,"Hidden":false},"Configuration":{"QuestionDescriptionOption":"UseText"},"QuestionDescription":"Welcome In the next section, you will complete the Colors and Arrows Tasks.","ChoiceOrder":[],"Validation":{"Settings":{"Type":"None"}},"GradingData":[],"Language":[],"NextChoiceId":4,"NextAnswerId":1}},{"SurveyID":"SV_3XbtsHHxpF1Fp7o","Element":"SQ","PrimaryAttribute":"QID2","SecondaryAttribute":"The Colors and Arrows tasks are loading. If you see this message for more than 5 minutes, please capture this screen.","TertiaryAttribute":null,"Payload":{"QuestionText":"<div>\n  <span id=\"squared-load-status\" style=\"font-size: 24px;\">\n    <br><br>\n    The Colors and Arrows tasks are loading.<br>\n    If you see this message for <span style=\"color: rgb(255, 0, 0);\"><strong>more than 5 minutes</strong></span>,<br>\n    please capture this screen and send the image to the study team.\n    <br><br>\n    <span style=\"font-size: 28px;\">We are very sorry for the inconvenience.</span>\n  </span>\n</div>\n\n<style>\n  #display_stage_background {\n    position: fixed;\n    left: 0;\n    top: 0;\n    width: 100vw;\n    height: 100vh;\n    background-color: #f3f6fb;\n    z-index: -1;\n  }\n\n  #display_stage {\n    position: fixed;\n    left: 1vw;\n    top: 1vh;\n    width: 98vw;\n    height: 98vh;\n    background: #000;\n    border-radius: 15px;\n    box-shadow: 1px 1px 1px #999;\n    z-index: 0;\n    overflow-x: hidden;\n    overflow-y: auto;\n  }\n</style>","DefaultChoices":false,"DataExportTag":"SquaredTask","QuestionID":"QID2","QuestionType":"DB","Selector":"TB","DataVisibility":{"Private":false,"Hidden":false},"Configuration":{"QuestionDescriptionOption":"UseText"},"QuestionDescription":"The Colors and Arrows tasks are loading. If you see this message for more than 5 minutes, please capture this screen.","ChoiceOrder":[],"Validation":{"Settings":{"Type":"None"}},"GradingData":[],"Language":[],"NextChoiceId":4,"NextAnswerId":1,"QuestionJS":"Qualtrics.SurveyEngine.addOnload(function () {\n  var qthis = this;\n  var q$ = window.jQuery || window.$;\n\n  var assetBaseUrl = \"https://wrayo.github.io/jspsych-squaredtasks\";\n  var taskConfig = {\n    assetBaseUrl: assetBaseUrl + \"/qualtrics-v7\",\n    displayElement: \"display_stage\",\n    participantId: \"${e://Field/ResponseID}\",\n    online: 1,\n    promptForParticipantId: false,\n    promptForLocation: false,\n    fullscreenMode: false,\n    finishButtonLabel: \"Continue\",\n    includeTrialData: true\n  };\n\n  function valueOrBlank(value) {\n    return value === null || value === undefined ? \"\" : String(value);\n  }\n\n  function updateStatus(messageHtml) {\n    var statusNode = document.getElementById(\"squared-load-status\");\n    if (statusNode) {\n      statusNode.innerHTML = messageHtml;\n    }\n  }\n\n  function showFatalError(messageHtml, error) {\n    if (window.console && typeof window.console.error === \"function\" && error) {\n      window.console.error(error);\n    }\n\n    updateStatus(messageHtml);\n  }\n\n  function ensureStylesheet(href) {\n    var existing = document.querySelector(\"link[data-squared-href='\" + href + \"']\");\n    var link;\n\n    if (existing) {\n      return;\n    }\n\n    link = document.createElement(\"link\");\n    link.rel = \"stylesheet\";\n    link.type = \"text/css\";\n    link.href = href;\n    link.setAttribute(\"data-squared-href\", href);\n    document.head.appendChild(link);\n  }\n\n  function ensureDisplayStage() {\n    if (!document.getElementById(\"display_stage_background\")) {\n      q$(\"<div id='display_stage_background'></div>\").appendTo(\"body\");\n    }\n    if (!document.getElementById(\"display_stage\")) {\n      q$(\"<div id='display_stage'></div>\").appendTo(\"body\");\n    }\n  }\n\n  function cleanup() {\n    if (!q$) {\n      return;\n    }\n\n    q$(\"#display_stage\").remove();\n    q$(\"#display_stage_background\").remove();\n  }\n\n  function loadScript(index, requiredResources) {\n    q$.getScript(requiredResources[index])\n      .done(function () {\n        if ((index + 1) < requiredResources.length) {\n          loadScript(index + 1, requiredResources);\n        }\n      })\n      .fail(function () {\n        showFatalError(\n          \"The Squared task battery could not finish loading.<br>\" +\n          \"Please capture this screen and contact the study team.\"\n        );\n      });\n  }\n\n  try {\n    if (!q$) {\n      showFatalError(\n        \"The Qualtrics page libraries did not initialize correctly.<br>\" +\n        \"Please capture this screen and contact the study team.\"\n      );\n      return;\n    }\n\n    if (assetBaseUrl.indexOf(\"YOUR-GITHUB-USERNAME\") !== -1) {\n      updateStatus(\n        \"This question is not configured yet.<br>\" +\n        \"Set <code>assetBaseUrl</code> in the Qualtrics JavaScript first.\"\n      );\n      return;\n    }\n\n    qthis.hideNextButton();\n    ensureDisplayStage();\n    ensureStylesheet(assetBaseUrl + \"/qualtrics-v7/lib/jspsych-7.3.1/jspsych.css\");\n    ensureStylesheet(assetBaseUrl + \"/qualtrics-v7/squared.css\");\n\n    window.squaredTaskConfig = taskConfig;\n    window.squaredTaskHooks = {\n      onFinish: function (jsPsychInstance, payload) {\n        var prefix = \"squared_\";\n        var summary = payload.summary || {};\n        var trialBlocks = payload.trial_data_blocks || {};\n\n        Qualtrics.SurveyEngine.setEmbeddedData(prefix + \"participant_id\", valueOrBlank(payload.participant_id));\n        Qualtrics.SurveyEngine.setEmbeddedData(prefix + \"trial_count\", valueOrBlank(payload.trial_count));\n        Qualtrics.SurveyEngine.setEmbeddedData(prefix + \"stroop_score\", valueOrBlank(payload.total_scores && payload.total_scores.stroop));\n        Qualtrics.SurveyEngine.setEmbeddedData(prefix + \"flanker_score\", valueOrBlank(payload.total_scores && payload.total_scores.flanker));\n        Qualtrics.SurveyEngine.setEmbeddedData(prefix + \"simon_score\", valueOrBlank(payload.total_scores && payload.total_scores.simon));\n\n        Qualtrics.SurveyEngine.setEmbeddedData(\n          prefix + \"stroop_meanrt\",\n          valueOrBlank(summary.stroop && summary.stroop.main && summary.stroop.main.meanrt_final)\n        );\n        Qualtrics.SurveyEngine.setEmbeddedData(\n          prefix + \"flanker_meanrt\",\n          valueOrBlank(summary.flanker && summary.flanker.main && summary.flanker.main.meanrt_final)\n        );\n        Qualtrics.SurveyEngine.setEmbeddedData(\n          prefix + \"simon_meanrt\",\n          valueOrBlank(summary.simon && summary.simon.main && summary.simon.main.meanrt_final)\n        );\n\n        Qualtrics.SurveyEngine.setEmbeddedData(prefix + \"summary_json\", JSON.stringify(summary));\n        Qualtrics.SurveyEngine.setEmbeddedData(prefix + \"practice_stroop_json\", JSON.stringify(trialBlocks.practice_stroop || []));\n        Qualtrics.SurveyEngine.setEmbeddedData(prefix + \"stroop_json\", JSON.stringify(trialBlocks.stroop || []));\n        Qualtrics.SurveyEngine.setEmbeddedData(prefix + \"practice_flanker_json\", JSON.stringify(trialBlocks.practice_flanker || []));\n        Qualtrics.SurveyEngine.setEmbeddedData(prefix + \"flanker_json\", JSON.stringify(trialBlocks.flanker || []));\n        Qualtrics.SurveyEngine.setEmbeddedData(prefix + \"practice_simon_json\", JSON.stringify(trialBlocks.practice_simon || []));\n        Qualtrics.SurveyEngine.setEmbeddedData(prefix + \"simon_json\", JSON.stringify(trialBlocks.simon || []));\n\n        cleanup();\n        qthis.clickNextButton();\n      }\n    };\n\n    if (window.Qualtrics && (!window.frameElement || window.frameElement.id !== \"mobile-preview-view\")) {\n      loadScript(0, [\n        assetBaseUrl + \"/qualtrics-v7/lib/jspsych-7.3.1/jspsych.js\",\n        assetBaseUrl + \"/qualtrics-v7/lib/jspsych-7.3.1/plugin-fullscreen.js\",\n        assetBaseUrl + \"/qualtrics-v7/lib/jspsych-7.3.1/plugin-html-button-response.js\",\n        assetBaseUrl + \"/qualtrics-v7/lib/jspsych-7.3.1/plugin-html-keyboard-response.js\",\n        assetBaseUrl + \"/qualtrics-v7/lib/jspsych-7.3.1/plugin-preload.js\",\n        assetBaseUrl + \"/qualtrics-v7/lib/jspsych-7.3.1/plugin-survey-multi-choice.js\",\n        assetBaseUrl + \"/qualtrics-v7/lib/jspsych-7.3.1/plugin-survey-text.js\",\n        assetBaseUrl + \"/qualtrics-v7/squared-v7-task.js\"\n      ]);\n    }\n  } catch (error) {\n    showFatalError(\n      \"The Colors and Arrows tasks could not start correctly.<br>\" +\n      \"Please capture this screen and contact the study team.\",\n      error\n    );\n  }\n});\n\nQualtrics.SurveyEngine.addOnReady(function () {\n});\n\nQualtrics.SurveyEngine.addOnUnload(function () {\n  var q$ = window.jQuery || window.$;\n  if (q$) {\n    q$(\"#display_stage\").remove();\n    q$(\"#display_stage_background\").remove();\n  }\n  delete window.squaredTaskConfig;\n  delete window.squaredTaskHooks;\n  delete window.squaredTaskLastRun;\n});"}},{"SurveyID":"SV_3XbtsHHxpF1Fp7o","Element":"STAT","PrimaryAttribute":"Survey Statistics","SecondaryAttribute":null,"TertiaryAttribute":null,"Payload":{"MobileCompatible":true,"ID":"Survey Statistics"}}]}